{
  "name": "length-js",
  "version": "1.0.0",
  "lockfileVersion": 1,
  "requires": true,
  "dependencies": {
    "length.js": {
      "version": "1.1.1",
      "resolved": "https://registry.npmjs.org/length.js/-/length.js-1.1.1.tgz",
      "integrity": "sha512-ArT3epmXh+IqPp7VRs0dQjYFYFPSRLZidGhWsfs9SWAJKckm3i9SPdKeNr9rzrDrVclfX6nqm0n7pd00QdA0yw=="
    }
  }
}
